
Microsoft Visual Studio Solution File, Format Version 11.00
# Visual Studio 2010
Project("{FAE04EC0-301F-11D3-BF4B-00C04F79EFBC}") = "Assembly-CSharp", "Assembly-CSharp.csproj", "{5493C203-4483-2BFD-F095-B903D897FF75}"
EndProject
Project("{FAE04EC0-301F-11D3-BF4B-00C04F79EFBC}") = "Assembly-CSharp-firstpass", "Assembly-CSharp-firstpass.csproj", "{70E93942-AAFC-E238-D563-557781D514ED}"
EndProject
Project("{FAE04EC0-301F-11D3-BF4B-00C04F79EFBC}") = "Assembly-CSharp-Editor", "Assembly-CSharp-Editor.csproj", "{DD23A230-1FD2-F6E4-D5EB-C9AE1D240A59}"
EndProject
Project("{FAE04EC0-301F-11D3-BF4B-00C04F79EFBC}") = "Assembly-CSharp-Editor-firstpass", "Assembly-CSharp-Editor-firstpass.csproj", "{8A49E6BA-F3DA-7FDB-06CE-CBD73C8DB38C}"
EndProject
Global
	GlobalSection(SolutionConfigurationPlatforms) = preSolution
		Debug|Any CPU = Debug|Any CPU
		Release|Any CPU = Release|Any CPU
	EndGlobalSection
	GlobalSection(ProjectConfigurationPlatforms) = postSolution
		{5493C203-4483-2BFD-F095-B903D897FF75}.Debug|Any CPU.ActiveCfg = Debug|Any CPU
		{5493C203-4483-2BFD-F095-B903D897FF75}.Debug|Any CPU.Build.0 = Debug|Any CPU
		{5493C203-4483-2BFD-F095-B903D897FF75}.Release|Any CPU.ActiveCfg = Release|Any CPU
		{5493C203-4483-2BFD-F095-B903D897FF75}.Release|Any CPU.Build.0 = Release|Any CPU
		{70E93942-AAFC-E238-D563-557781D514ED}.Debug|Any CPU.ActiveCfg = Debug|Any CPU
		{70E93942-AAFC-E238-D563-557781D514ED}.Debug|Any CPU.Build.0 = Debug|Any CPU
		{70E93942-AAFC-E238-D563-557781D514ED}.Release|Any CPU.ActiveCfg = Release|Any CPU
		{70E93942-AAFC-E238-D563-557781D514ED}.Release|Any CPU.Build.0 = Release|Any CPU
		{DD23A230-1FD2-F6E4-D5EB-C9AE1D240A59}.Debug|Any CPU.ActiveCfg = Debug|Any CPU
		{DD23A230-1FD2-F6E4-D5EB-C9AE1D240A59}.Debug|Any CPU.Build.0 = Debug|Any CPU
		{DD23A230-1FD2-F6E4-D5EB-C9AE1D240A59}.Release|Any CPU.ActiveCfg = Release|Any CPU
		{DD23A230-1FD2-F6E4-D5EB-C9AE1D240A59}.Release|Any CPU.Build.0 = Release|Any CPU
		{8A49E6BA-F3DA-7FDB-06CE-CBD73C8DB38C}.Debug|Any CPU.ActiveCfg = Debug|Any CPU
		{8A49E6BA-F3DA-7FDB-06CE-CBD73C8DB38C}.Debug|Any CPU.Build.0 = Debug|Any CPU
		{8A49E6BA-F3DA-7FDB-06CE-CBD73C8DB38C}.Release|Any CPU.ActiveCfg = Release|Any CPU
		{8A49E6BA-F3DA-7FDB-06CE-CBD73C8DB38C}.Release|Any CPU.Build.0 = Release|Any CPU
	EndGlobalSection
	GlobalSection(SolutionProperties) = preSolution
		HideSolutionNode = FALSE
	EndGlobalSection
EndGlobal
